# This file is automatically @generated by Poetry 1.8.3 and should not be changed by hand.

[[package]]
name = "pypdf"
version = "4.3.0"
description = "A pure-python PDF library capable of splitting, merging, cropping, and transforming PDF files"
optional = false
python-versions = ">=3.6"
files = [
    {file = "pypdf-4.3.0-py3-none-any.whl", hash = "sha256:eeea4d019b57c099d02a0e1692eaaab23341ae3f255c1dafa3c8566b4636496d"},
    {file = "pypdf-4.3.0.tar.gz", hash = "sha256:0d7a4c67fd03782f5a09d3f48c11c7a31e0bb9af78861a25229bb49259ed0504"},
]

[package.extras]
crypto = ["PyCryptodome", "cryptography"]
dev = ["black", "flit", "pip-tools", "pre-commit (<2.18.0)", "pytest-cov", "pytest-socket", "pytest-timeout", "pytest-xdist", "wheel"]
docs = ["myst_parser", "sphinx", "sphinx_rtd_theme"]
full = ["Pillow (>=8.0.0)", "PyCryptodome", "cryptography"]
image = ["Pillow (>=8.0.0)"]

[metadata]
lock-version = "2.0"
python-versions = "^3.11"
content-hash = "74dac01e1324364a9fabe4811481c76bfe7e24537877aab4d8a2c04da3b22219"
